
Microsoft Visual Studio Solution File, Format Version 12.00
# Visual Studio Version 17
VisualStudioVersion = 17.14.36908.2 d17.14
MinimumVisualStudioVersion = 10.0.40219.1
Project("{FAE04EC0-301F-11D3-BF4B-00C04F79EFBC}") = "HanoiTower", "HanoiTower\HanoiTower.csproj", "{4F9446F7-8244-44E9-AF44-722E5288CB64}"
EndProject
Project("{FAE04EC0-301F-11D3-BF4B-00C04F79EFBC}") = "EightQueen", "EightQueen\EightQueen.csproj", "{A9B78F33-7972-4966-B7C8-F058FF2B8021}"
EndProject
Global
	GlobalSection(SolutionConfigurationPlatforms) = preSolution
		Debug|Any CPU = Debug|Any CPU
		Release|Any CPU = Release|Any CPU
	EndGlobalSection
	GlobalSection(ProjectConfigurationPlatforms) = postSolution
		{4F9446F7-8244-44E9-AF44-722E5288CB64}.Debug|Any CPU.ActiveCfg = Debug|Any CPU
		{4F9446F7-8244-44E9-AF44-722E5288CB64}.Debug|Any CPU.Build.0 = Debug|Any CPU
		{4F9446F7-8244-44E9-AF44-722E5288CB64}.Release|Any CPU.ActiveCfg = Release|Any CPU
		{4F9446F7-8244-44E9-AF44-722E5288CB64}.Release|Any CPU.Build.0 = Release|Any CPU
		{A9B78F33-7972-4966-B7C8-F058FF2B8021}.Debug|Any CPU.ActiveCfg = Debug|Any CPU
		{A9B78F33-7972-4966-B7C8-F058FF2B8021}.Debug|Any CPU.Build.0 = Debug|Any CPU
		{A9B78F33-7972-4966-B7C8-F058FF2B8021}.Release|Any CPU.ActiveCfg = Release|Any CPU
		{A9B78F33-7972-4966-B7C8-F058FF2B8021}.Release|Any CPU.Build.0 = Release|Any CPU
	EndGlobalSection
	GlobalSection(SolutionProperties) = preSolution
		HideSolutionNode = FALSE
	EndGlobalSection
	GlobalSection(ExtensibilityGlobals) = postSolution
		SolutionGuid = {D121321D-C541-44B9-AF57-A5FFE719AF98}
	EndGlobalSection
EndGlobal
